{
  "version": 4,
  "terraform_version": "1.3.4",
  "serial": 28,
  "lineage": "b23a85a7-106d-f891-b2a9-0a0a3eea46a7",
  "outputs": {},
  "resources": [
    {
      "mode": "managed",
      "type": "google_folder",
      "name": "desenvolvimento",
      "provider": "provider[\"registry.terraform.io/hashicorp/google\"]",
      "instances": [
        {
          "schema_version": 0,
          "attributes": {
            "create_time": "2022-11-15T19:04:39.190Z",
            "display_name": "desenvolvimento",
            "folder_id": "107476786",
            "id": "folders/107476786",
            "lifecycle_state": "ACTIVE",
            "name": "folders/107476786",
            "parent": "folders/397457194430",
            "timeouts": null
          },
          "sensitive_attributes": [],
          "private": "eyJlMmJmYjczMC1lY2FhLTExZTYtOGY4OC0zNDM2M2JjN2M0YzAiOnsiY3JlYXRlIjoyNDAwMDAwMDAwMDAsImRlbGV0ZSI6MjQwMDAwMDAwMDAwLCJyZWFkIjoyNDAwMDAwMDAwMDAsInVwZGF0ZSI6MjQwMDAwMDAwMDAwfX0=",
          "dependencies": [
            "google_folder.financeiro",
            "google_folder.salesforce"
          ]
        }
      ]
    },
    {
      "mode": "managed",
      "type": "google_folder",
      "name": "financeiro",
      "provider": "provider[\"registry.terraform.io/hashicorp/google\"]",
      "instances": [
        {
          "schema_version": 0,
          "attributes": {
            "create_time": "2022-11-11T15:49:22.016Z",
            "display_name": "financeiro",
            "folder_id": "760518116135",
            "id": "folders/760518116135",
            "lifecycle_state": "ACTIVE",
            "name": "folders/760518116135",
            "parent": "organizations/319569038597",
            "timeouts": null
          },
          "sensitive_attributes": [],
          "private": "eyJlMmJmYjczMC1lY2FhLTExZTYtOGY4OC0zNDM2M2JjN2M0YzAiOnsiY3JlYXRlIjoyNDAwMDAwMDAwMDAsImRlbGV0ZSI6MjQwMDAwMDAwMDAwLCJyZWFkIjoyNDAwMDAwMDAwMDAsInVwZGF0ZSI6MjQwMDAwMDAwMDAwfX0="
        }
      ]
    },
    {
      "mode": "managed",
      "type": "google_folder",
      "name": "producao",
      "provider": "provider[\"registry.terraform.io/hashicorp/google\"]",
      "instances": [
        {
          "schema_version": 0,
          "attributes": {
            "create_time": "2022-11-15T19:04:39.074Z",
            "display_name": "producao",
            "folder_id": "491199342630",
            "id": "folders/491199342630",
            "lifecycle_state": "ACTIVE",
            "name": "folders/491199342630",
            "parent": "folders/397457194430",
            "timeouts": null
          },
          "sensitive_attributes": [],
          "private": "eyJlMmJmYjczMC1lY2FhLTExZTYtOGY4OC0zNDM2M2JjN2M0YzAiOnsiY3JlYXRlIjoyNDAwMDAwMDAwMDAsImRlbGV0ZSI6MjQwMDAwMDAwMDAwLCJyZWFkIjoyNDAwMDAwMDAwMDAsInVwZGF0ZSI6MjQwMDAwMDAwMDAwfX0=",
          "dependencies": [
            "google_folder.financeiro",
            "google_folder.salesforce"
          ]
        }
      ]
    },
    {
      "mode": "managed",
      "type": "google_folder",
      "name": "salesforce",
      "provider": "provider[\"registry.terraform.io/hashicorp/google\"]",
      "instances": [
        {
          "schema_version": 0,
          "attributes": {
            "create_time": "2022-11-15T18:59:55.823Z",
            "display_name": "salesforce",
            "folder_id": "397457194430",
            "id": "folders/397457194430",
            "lifecycle_state": "ACTIVE",
            "name": "folders/397457194430",
            "parent": "folders/760518116135",
            "timeouts": null
          },
          "sensitive_attributes": [],
          "private": "eyJlMmJmYjczMC1lY2FhLTExZTYtOGY4OC0zNDM2M2JjN2M0YzAiOnsiY3JlYXRlIjoyNDAwMDAwMDAwMDAsImRlbGV0ZSI6MjQwMDAwMDAwMDAwLCJyZWFkIjoyNDAwMDAwMDAwMDAsInVwZGF0ZSI6MjQwMDAwMDAwMDAwfX0=",
          "dependencies": [
            "google_folder.financeiro"
          ]
        }
      ]
    },
    {
      "mode": "managed",
      "type": "google_project",
      "name": "devops-iac-salesforce-dev",
      "provider": "provider[\"registry.terraform.io/hashicorp/google\"]",
      "instances": [
        {
          "schema_version": 1,
          "attributes": {
            "auto_create_network": false,
            "billing_account": "01D48F-4BFE7E-B8EECF",
            "folder_id": "107476786",
            "id": "projects/devops-iac-salesforce-dev",
            "labels": null,
            "name": "salesforce-dev",
            "number": "633105473162",
            "org_id": "",
            "project_id": "devops-iac-salesforce-dev",
            "skip_delete": null,
            "timeouts": null
          },
          "sensitive_attributes": [],
          "private": "eyJlMmJmYjczMC1lY2FhLTExZTYtOGY4OC0zNDM2M2JjN2M0YzAiOnsiY3JlYXRlIjo2MDAwMDAwMDAwMDAsImRlbGV0ZSI6NjAwMDAwMDAwMDAwLCJyZWFkIjo2MDAwMDAwMDAwMDAsInVwZGF0ZSI6NjAwMDAwMDAwMDAwfSwic2NoZW1hX3ZlcnNpb24iOiIxIn0=",
          "dependencies": [
            "google_folder.desenvolvimento"
          ]
        }
      ]
    }
  ],
  "check_results": null
}
